// !$*UTF8*$!
{
	archiveVersion = 1;
	classes = {
	};
	objectVersion = 46;
	objects = {

/* Begin PBXBuildFile section */
		D16AEEC61D0249F5006EAC7C /* main.m in Sources */ = {isa = PBXBuildFile; fileRef = D16AEEC51D0249F5006EAC7C /* main.m */; };
		D16AEEC91D0249F5006EAC7C /* AppDelegate.m in Sources */ = {isa = PBXBuildFile; fileRef = D16AEEC81D0249F5006EAC7C /* AppDelegate.m */; };
		D16AEECC1D0249F5006EAC7C /* ViewController.m in Sources */ = {isa = PBXBuildFile; fileRef = D16AEECB1D0249F5006EAC7C /* ViewController.m */; };
		D16AEECF1D0249F5006EAC7C /* Main.storyboard in Resources */ = {isa = PBXBuildFile; fileRef = D16AEECD1D0249F5006EAC7C /* Main.storyboard */; };
		D16AEED11D0249F5006EAC7C /* Assets.xcassets in Resources */ = {isa = PBXBuildFile; fileRef = D16AEED01D0249F5006EAC7C /* Assets.xcassets */; };
		D16AEED41D0249F6006EAC7C /* LaunchScreen.storyboard in Resources */ = {isa = PBXBuildFile; fileRef = D16AEED21D0249F6006EAC7C /* LaunchScreen.storyboard */; };
		D16AEEDF1D0249F6006EAC7C /* BaByTreeTests.m in Sources */ = {isa = PBXBuildFile; fileRef = D16AEEDE1D0249F6006EAC7C /* BaByTreeTests.m */; };
		D16AEEEA1D0249F6006EAC7C /* BaByTreeUITests.m in Sources */ = {isa = PBXBuildFile; fileRef = D16AEEE91D0249F6006EAC7C /* BaByTreeUITests.m */; };
		D16BCC091D07ED3A00276EAE /* SecondViewController.m in Sources */ = {isa = PBXBuildFile; fileRef = D16BCC081D07ED3A00276EAE /* SecondViewController.m */; };
		D16BCC0C1D07FAFA00276EAE /* ThirdViewController.m in Sources */ = {isa = PBXBuildFile; fileRef = D16BCC0B1D07FAFA00276EAE /* ThirdViewController.m */; };
		D16BCC0F1D07FB0C00276EAE /* FourViewController.m in Sources */ = {isa = PBXBuildFile; fileRef = D16BCC0E1D07FB0C00276EAE /* FourViewController.m */; };
		D16BCC121D07FB1600276EAE /* FifthViewController.m in Sources */ = {isa = PBXBuildFile; fileRef = D16BCC111D07FB1600276EAE /* FifthViewController.m */; };
		D1ADCB1C1D030CA0006C0233 /* AnimationViewController.m in Sources */ = {isa = PBXBuildFile; fileRef = D1ADCB1B1D030CA0006C0233 /* AnimationViewController.m */; };
		D1DBBB071D083D2800904230 /* Sengment.m in Sources */ = {isa = PBXBuildFile; fileRef = D1DBBB061D083D2800904230 /* Sengment.m */; };
		D1DBBB181D084E6400904230 /* UIView+sengMent.m in Sources */ = {isa = PBXBuildFile; fileRef = D1DBBB171D084E6400904230 /* UIView+sengMent.m */; };
		D1DBBB241D0850D600904230 /* twoTableView.m in Sources */ = {isa = PBXBuildFile; fileRef = D1DBBB231D0850D600904230 /* twoTableView.m */; };
		D1DBBB271D0850E500904230 /* oneTableView.m in Sources */ = {isa = PBXBuildFile; fileRef = D1DBBB261D0850E500904230 /* oneTableView.m */; };
/* End PBXBuildFile section */

/* Begin PBXContainerItemProxy section */
		D16AEEDB1D0249F6006EAC7C /* PBXContainerItemProxy */ = {
			isa = PBXContainerItemProxy;
			containerPortal = D16AEEB91D0249F5006EAC7C /* Project object */;
			proxyType = 1;
			remoteGlobalIDString = D16AEEC01D0249F5006EAC7C;
			remoteInfo = BaByTree;
		};
		D16AEEE61D0249F6006EAC7C /* PBXContainerItemProxy */ = {
			isa = PBXContainerItemProxy;
			containerPortal = D16AEEB91D0249F5006EAC7C /* Project object */;
			proxyType = 1;
			remoteGlobalIDString = D16AEEC01D0249F5006EAC7C;
			remoteInfo = BaByTree;
		};
/* End PBXContainerItemProxy section */

/* Begin PBXFileReference section */
		D16AEEC11D0249F5006EAC7C /* BaByTree.app */ = {isa = PBXFileReference; explicitFileType = wrapper.application; includeInIndex = 0; path = BaByTree.app; sourceTree = BUILT_PRODUCTS_DIR; };
		D16AEEC51D0249F5006EAC7C /* main.m */ = {isa = PBXFileReference; lastKnownFileType = sourcecode.c.objc; path = main.m; sourceTree = "<group>"; };
		D16AEEC71D0249F5006EAC7C /* AppDelegate.h */ = {isa = PBXFileReference; lastKnownFileType = sourcecode.c.h; path = AppDelegate.h; sourceTree = "<group>"; };
		D16AEEC81D0249F5006EAC7C /* AppDelegate.m */ = {isa = PBXFileReference; lastKnownFileType = sourcecode.c.objc; path = AppDelegate.m; sourceTree = "<group>"; };
		D16AEECA1D0249F5006EAC7C /* ViewController.h */ = {isa = PBXFileReference; lastKnownFileType = sourcecode.c.h; path = ViewController.h; sourceTree = "<group>"; };
		D16AEECB1D0249F5006EAC7C /* ViewController.m */ = {isa = PBXFileReference; lastKnownFileType = sourcecode.c.objc; path = ViewController.m; sourceTree = "<group>"; };
		D16AEECE1D0249F5006EAC7C /* Base */ = {isa = PBXFileReference; lastKnownFileType = file.storyboard; name = Base; path = Base.lproj/Main.storyboard; sourceTree = "<group>"; };
		D16AEED01D0249F5006EAC7C /* Assets.xcassets */ = {isa = PBXFileReference; lastKnownFileType = folder.assetcatalog; path = Assets.xcassets; sourceTree = "<group>"; };
		D16AEED31D0249F6006EAC7C /* Base */ = {isa = PBXFileReference; lastKnownFileType = file.storyboard; name = Base; path = Base.lproj/LaunchScreen.storyboard; sourceTree = "<group>"; };
		D16AEED51D0249F6006EAC7C /* Info.plist */ = {isa = PBXFileReference; lastKnownFileType = text.plist.xml; path = Info.plist; sourceTree = "<group>"; };
		D16AEEDA1D0249F6006EAC7C /* BaByTreeTests.xctest */ = {isa = PBXFileReference; explicitFileType = wrapper.cfbundle; includeInIndex = 0; path = BaByTreeTests.xctest; sourceTree = BUILT_PRODUCTS_DIR; };
		D16AEEDE1D0249F6006EAC7C /* BaByTreeTests.m */ = {isa = PBXFileReference; lastKnownFileType = sourcecode.c.objc; path = BaByTreeTests.m; sourceTree = "<group>"; };
		D16AEEE01D0249F6006EAC7C /* Info.plist */ = {isa = PBXFileReference; lastKnownFileType = text.plist.xml; path = Info.plist; sourceTree = "<group>"; };
		D16AEEE51D0249F6006EAC7C /* BaByTreeUITests.xctest */ = {isa = PBXFileReference; explicitFileType = wrapper.cfbundle; includeInIndex = 0; path = BaByTreeUITests.xctest; sourceTree = BUILT_PRODUCTS_DIR; };
		D16AEEE91D0249F6006EAC7C /* BaByTreeUITests.m */ = {isa = PBXFileReference; lastKnownFileType = sourcecode.c.objc; path = BaByTreeUITests.m; sourceTree = "<group>"; };
		D16AEEEB1D0249F6006EAC7C /* Info.plist */ = {isa = PBXFileReference; lastKnownFileType = text.plist.xml; path = Info.plist; sourceTree = "<group>"; };
		D16BCC071D07ED3A00276EAE /* SecondViewController.h */ = {isa = PBXFileReference; fileEncoding = 4; lastKnownFileType = sourcecode.c.h; path = SecondViewController.h; sourceTree = "<group>"; };
		D16BCC081D07ED3A00276EAE /* SecondViewController.m */ = {isa = PBXFileReference; fileEncoding = 4; lastKnownFileType = sourcecode.c.objc; path = SecondViewController.m; sourceTree = "<group>"; };
		D16BCC0A1D07FAFA00276EAE /* ThirdViewController.h */ = {isa = PBXFileReference; fileEncoding = 4; lastKnownFileType = sourcecode.c.h; path = ThirdViewController.h; sourceTree = "<group>"; };
		D16BCC0B1D07FAFA00276EAE /* ThirdViewController.m */ = {isa = PBXFileReference; fileEncoding = 4; lastKnownFileType = sourcecode.c.objc; path = ThirdViewController.m; sourceTree = "<group>"; };
		D16BCC0D1D07FB0C00276EAE /* FourViewController.h */ = {isa = PBXFileReference; fileEncoding = 4; lastKnownFileType = sourcecode.c.h; path = FourViewController.h; sourceTree = "<group>"; };
		D16BCC0E1D07FB0C00276EAE /* FourViewController.m */ = {isa = PBXFileReference; fileEncoding = 4; lastKnownFileType = sourcecode.c.objc; path = FourViewController.m; sourceTree = "<group>"; };
		D16BCC101D07FB1600276EAE /* FifthViewController.h */ = {isa = PBXFileReference; fileEncoding = 4; lastKnownFileType = sourcecode.c.h; path = FifthViewController.h; sourceTree = "<group>"; };
		D16BCC111D07FB1600276EAE /* FifthViewController.m */ = {isa = PBXFileReference; fileEncoding = 4; lastKnownFileType = sourcecode.c.objc; path = FifthViewController.m; sourceTree = "<group>"; };
		D1ADCB1A1D030CA0006C0233 /* AnimationViewController.h */ = {isa = PBXFileReference; fileEncoding = 4; lastKnownFileType = sourcecode.c.h; path = AnimationViewController.h; sourceTree = "<group>"; };
		D1ADCB1B1D030CA0006C0233 /* AnimationViewController.m */ = {isa = PBXFileReference; fileEncoding = 4; lastKnownFileType = sourcecode.c.objc; path = AnimationViewController.m; sourceTree = "<group>"; };
		D1DBBB051D083D2800904230 /* Sengment.h */ = {isa = PBXFileReference; fileEncoding = 4; lastKnownFileType = sourcecode.c.h; name = Sengment.h; path = ../Sengment.h; sourceTree = "<group>"; };
		D1DBBB061D083D2800904230 /* Sengment.m */ = {isa = PBXFileReference; fileEncoding = 4; lastKnownFileType = sourcecode.c.objc; name = Sengment.m; path = ../Sengment.m; sourceTree = "<group>"; };
		D1DBBB161D084E6400904230 /* UIView+sengMent.h */ = {isa = PBXFileReference; fileEncoding = 4; lastKnownFileType = sourcecode.c.h; path = "UIView+sengMent.h"; sourceTree = "<group>"; };
		D1DBBB171D084E6400904230 /* UIView+sengMent.m */ = {isa = PBXFileReference; fileEncoding = 4; lastKnownFileType = sourcecode.c.objc; path = "UIView+sengMent.m"; sourceTree = "<group>"; };
		D1DBBB221D0850D600904230 /* twoTableView.h */ = {isa = PBXFileReference; fileEncoding = 4; lastKnownFileType = sourcecode.c.h; name = twoTableView.h; path = ../twoTableView.h; sourceTree = "<group>"; };
		D1DBBB231D0850D600904230 /* twoTableView.m */ = {isa = PBXFileReference; fileEncoding = 4; lastKnownFileType = sourcecode.c.objc; name = twoTableView.m; path = ../twoTableView.m; sourceTree = "<group>"; };
		D1DBBB251D0850E500904230 /* oneTableView.h */ = {isa = PBXFileReference; fileEncoding = 4; lastKnownFileType = sourcecode.c.h; path = oneTableView.h; sourceTree = "<group>"; };
		D1DBBB261D0850E500904230 /* oneTableView.m */ = {isa = PBXFileReference; fileEncoding = 4; lastKnownFileType = sourcecode.c.objc; path = oneTableView.m; sourceTree = "<group>"; };
/* End PBXFileReference section */

/* Begin PBXFrameworksBuildPhase section */
		D16AEEBE1D0249F5006EAC7C /* Frameworks */ = {
			isa = PBXFrameworksBuildPhase;
			buildActionMask = 2147483647;
			files = (
			);
			runOnlyForDeploymentPostprocessing = 0;
		};
		D16AEED71D0249F6006EAC7C /* Frameworks */ = {
			isa = PBXFrameworksBuildPhase;
			buildActionMask = 2147483647;
			files = (
			);
			runOnlyForDeploymentPostprocessing = 0;
		};
		D16AEEE21D0249F6006EAC7C /* Frameworks */ = {
			isa = PBXFrameworksBuildPhase;
			buildActionMask = 2147483647;
			files = (
			);
			runOnlyForDeploymentPostprocessing = 0;
		};
/* End PBXFrameworksBuildPhase section */

/* Begin PBXGroup section */
		D16AEEB81D0249F5006EAC7C = {
			isa = PBXGroup;
			children = (
				D16AEEC31D0249F5006EAC7C /* BaByTree */,
				D16AEEDD1D0249F6006EAC7C /* BaByTreeTests */,
				D16AEEE81D0249F6006EAC7C /* BaByTreeUITests */,
				D16AEEC21D0249F5006EAC7C /* Products */,
			);
			sourceTree = "<group>";
		};
		D16AEEC21D0249F5006EAC7C /* Products */ = {
			isa = PBXGroup;
			children = (
				D16AEEC11D0249F5006EAC7C /* BaByTree.app */,
				D16AEEDA1D0249F6006EAC7C /* BaByTreeTests.xctest */,
				D16AEEE51D0249F6006EAC7C /* BaByTreeUITests.xctest */,
			);
			name = Products;
			sourceTree = "<group>";
		};
		D16AEEC31D0249F5006EAC7C /* BaByTree */ = {
			isa = PBXGroup;
			children = (
				D16AEF0C1D02542B006EAC7C /* Other */,
				D16AEEF91D02509F006EAC7C /* Controller */,
				D16AEEF81D025095006EAC7C /* View */,
				D16AEEF71D025082006EAC7C /* Model */,
				D16AEEC71D0249F5006EAC7C /* AppDelegate.h */,
				D16AEEC81D0249F5006EAC7C /* AppDelegate.m */,
				D16AEED01D0249F5006EAC7C /* Assets.xcassets */,
				D16AEED21D0249F6006EAC7C /* LaunchScreen.storyboard */,
				D16AEED51D0249F6006EAC7C /* Info.plist */,
				D16AEEC41D0249F5006EAC7C /* Supporting Files */,
			);
			path = BaByTree;
			sourceTree = "<group>";
		};
		D16AEEC41D0249F5006EAC7C /* Supporting Files */ = {
			isa = PBXGroup;
			children = (
				D16AEEC51D0249F5006EAC7C /* main.m */,
			);
			name = "Supporting Files";
			sourceTree = "<group>";
		};
		D16AEEDD1D0249F6006EAC7C /* BaByTreeTests */ = {
			isa = PBXGroup;
			children = (
				D16AEEDE1D0249F6006EAC7C /* BaByTreeTests.m */,
				D16AEEE01D0249F6006EAC7C /* Info.plist */,
			);
			path = BaByTreeTests;
			sourceTree = "<group>";
		};
		D16AEEE81D0249F6006EAC7C /* BaByTreeUITests */ = {
			isa = PBXGroup;
			children = (
				D16AEEE91D0249F6006EAC7C /* BaByTreeUITests.m */,
				D16AEEEB1D0249F6006EAC7C /* Info.plist */,
			);
			path = BaByTreeUITests;
			sourceTree = "<group>";
		};
		D16AEEF71D025082006EAC7C /* Model */ = {
			isa = PBXGroup;
			children = (
			);
			name = Model;
			sourceTree = "<group>";
		};
		D16AEEF81D025095006EAC7C /* View */ = {
			isa = PBXGroup;
			children = (
				D16AEECD1D0249F5006EAC7C /* Main.storyboard */,
			);
			name = View;
			sourceTree = "<group>";
		};
		D16AEEF91D02509F006EAC7C /* Controller */ = {
			isa = PBXGroup;
			children = (
				D1DBBB0F1D084B2B00904230 /* circle */,
				D1DBBB0E1D084AD100904230 /* Home */,
				D16BCC0A1D07FAFA00276EAE /* ThirdViewController.h */,
				D16BCC0B1D07FAFA00276EAE /* ThirdViewController.m */,
				D16BCC0D1D07FB0C00276EAE /* FourViewController.h */,
				D16BCC0E1D07FB0C00276EAE /* FourViewController.m */,
				D16BCC101D07FB1600276EAE /* FifthViewController.h */,
				D16BCC111D07FB1600276EAE /* FifthViewController.m */,
			);
			name = Controller;
			sourceTree = "<group>";
		};
		D16AEF0C1D02542B006EAC7C /* Other */ = {
			isa = PBXGroup;
			children = (
				D1ADCB1A1D030CA0006C0233 /* AnimationViewController.h */,
				D1ADCB1B1D030CA0006C0233 /* AnimationViewController.m */,
			);
			name = Other;
			sourceTree = "<group>";
		};
		D1DBBB0E1D084AD100904230 /* Home */ = {
			isa = PBXGroup;
			children = (
				D16AEECA1D0249F5006EAC7C /* ViewController.h */,
				D16AEECB1D0249F5006EAC7C /* ViewController.m */,
			);
			name = Home;
			sourceTree = "<group>";
		};
		D1DBBB0F1D084B2B00904230 /* circle */ = {
			isa = PBXGroup;
			children = (
				D1DBBB051D083D2800904230 /* Sengment.h */,
				D1DBBB061D083D2800904230 /* Sengment.m */,
				D16BCC071D07ED3A00276EAE /* SecondViewController.h */,
				D16BCC081D07ED3A00276EAE /* SecondViewController.m */,
				D1DBBB161D084E6400904230 /* UIView+sengMent.h */,
				D1DBBB171D084E6400904230 /* UIView+sengMent.m */,
				D1DBBB251D0850E500904230 /* oneTableView.h */,
				D1DBBB261D0850E500904230 /* oneTableView.m */,
				D1DBBB221D0850D600904230 /* twoTableView.h */,
				D1DBBB231D0850D600904230 /* twoTableView.m */,
			);
			name = circle;
			sourceTree = "<group>";
		};
/* End PBXGroup section */

/* Begin PBXNativeTarget section */
		D16AEEC01D0249F5006EAC7C /* BaByTree */ = {
			isa = PBXNativeTarget;
			buildConfigurationList = D16AEEEE1D0249F6006EAC7C /* Build configuration list for PBXNativeTarget "BaByTree" */;
			buildPhases = (
				D16AEEBD1D0249F5006EAC7C /* Sources */,
				D16AEEBE1D0249F5006EAC7C /* Frameworks */,
				D16AEEBF1D0249F5006EAC7C /* Resources */,
			);
			buildRules = (
			);
			dependencies = (
			);
			name = BaByTree;
			productName = BaByTree;
			productReference = D16AEEC11D0249F5006EAC7C /* BaByTree.app */;
			productType = "com.apple.product-type.application";
		};
		D16AEED91D0249F6006EAC7C /* BaByTreeTests */ = {
			isa = PBXNativeTarget;
			buildConfigurationList = D16AEEF11D0249F6006EAC7C /* Build configuration list for PBXNativeTarget "BaByTreeTests" */;
			buildPhases = (
				D16AEED61D0249F6006EAC7C /* Sources */,
				D16AEED71D0249F6006EAC7C /* Frameworks */,
				D16AEED81D0249F6006EAC7C /* Resources */,
			);
			buildRules = (
			);
			dependencies = (
				D16AEEDC1D0249F6006EAC7C /* PBXTargetDependency */,
			);
			name = BaByTreeTests;
			productName = BaByTreeTests;
			productReference = D16AEEDA1D0249F6006EAC7C /* BaByTreeTests.xctest */;
			productType = "com.apple.product-type.bundle.unit-test";
		};
		D16AEEE41D0249F6006EAC7C /* BaByTreeUITests */ = {
			isa = PBXNativeTarget;
			buildConfigurationList = D16AEEF41D0249F6006EAC7C /* Build configuration list for PBXNativeTarget "BaByTreeUITests" */;
			buildPhases = (
				D16AEEE11D0249F6006EAC7C /* Sources */,
				D16AEEE21D0249F6006EAC7C /* Frameworks */,
				D16AEEE31D0249F6006EAC7C /* Resources */,
			);
			buildRules = (
			);
			dependencies = (
				D16AEEE71D0249F6006EAC7C /* PBXTargetDependency */,
			);
			name = BaByTreeUITests;
			productName = BaByTreeUITests;
			productReference = D16AEEE51D0249F6006EAC7C /* BaByTreeUITests.xctest */;
			productType = "com.apple.product-type.bundle.ui-testing";
		};
/* End PBXNativeTarget section */

/* Begin PBXProject section */
		D16AEEB91D0249F5006EAC7C /* Project object */ = {
			isa = PBXProject;
			attributes = {
				LastUpgradeCheck = 0730;
				ORGANIZATIONNAME = "萝卜";
				TargetAttributes = {
					D16AEEC01D0249F5006EAC7C = {
						CreatedOnToolsVersion = 7.3;
						DevelopmentTeam = 3F2735QP6E;
					};
					D16AEED91D0249F6006EAC7C = {
						CreatedOnToolsVersion = 7.3;
						DevelopmentTeam = 3F2735QP6E;
						TestTargetID = D16AEEC01D0249F5006EAC7C;
					};
					D16AEEE41D0249F6006EAC7C = {
						CreatedOnToolsVersion = 7.3;
						DevelopmentTeam = 3F2735QP6E;
						TestTargetID = D16AEEC01D0249F5006EAC7C;
					};
				};
			};
			buildConfigurationList = D16AEEBC1D0249F5006EAC7C /* Build configuration list for PBXProject "BaByTree" */;
			compatibilityVersion = "Xcode 3.2";
			developmentRegion = English;
			hasScannedForEncodings = 0;
			knownRegions = (
				en,
				Base,
			);
			mainGroup = D16AEEB81D0249F5006EAC7C;
			productRefGroup = D16AEEC21D0249F5006EAC7C /* Products */;
			projectDirPath = "";
			projectRoot = "";
			targets = (
				D16AEEC01D0249F5006EAC7C /* BaByTree */,
				D16AEED91D0249F6006EAC7C /* BaByTreeTests */,
				D16AEEE41D0249F6006EAC7C /* BaByTreeUITests */,
			);
		};
/* End PBXProject section */

/* Begin PBXResourcesBuildPhase section */
		D16AEEBF1D0249F5006EAC7C /* Resources */ = {
			isa = PBXResourcesBuildPhase;
			buildActionMask = 2147483647;
			files = (
				D16AEED41D0249F6006EAC7C /* LaunchScreen.storyboard in Resources */,
				D16AEED11D0249F5006EAC7C /* Assets.xcassets in Resources */,
				D16AEECF1D0249F5006EAC7C /* Main.storyboard in Resources */,
			);
			runOnlyForDeploymentPostprocessing = 0;
		};
		D16AEED81D0249F6006EAC7C /* Resources */ = {
			isa = PBXResourcesBuildPhase;
			buildActionMask = 2147483647;
			files = (
			);
			runOnlyForDeploymentPostprocessing = 0;
		};
		D16AEEE31D0249F6006EAC7C /* Resources */ = {
			isa = PBXResourcesBuildPhase;
			buildActionMask = 2147483647;
			files = (
			);
			runOnlyForDeploymentPostprocessing = 0;
		};
/* End PBXResourcesBuildPhase section */

/* Begin PBXSourcesBuildPhase section */
		D16AEEBD1D0249F5006EAC7C /* Sources */ = {
			isa = PBXSourcesBuildPhase;
			buildActionMask = 2147483647;
			files = (
				D16BCC121D07FB1600276EAE /* FifthViewController.m in Sources */,
				D1DBBB181D084E6400904230 /* UIView+sengMent.m in Sources */,
				D16BCC0F1D07FB0C00276EAE /* FourViewController.m in Sources */,
				D16BCC091D07ED3A00276EAE /* SecondViewController.m in Sources */,
				D1DBBB241D0850D600904230 /* twoTableView.m in Sources */,
				D1DBBB071D083D2800904230 /* Sengment.m in Sources */,
				D16AEECC1D0249F5006EAC7C /* ViewController.m in Sources */,
				D16BCC0C1D07FAFA00276EAE /* ThirdViewController.m in Sources */,
				D16AEEC91D0249F5006EAC7C /* AppDelegate.m in Sources */,
				D1ADCB1C1D030CA0006C0233 /* AnimationViewController.m in Sources */,
				D1DBBB271D0850E500904230 /* oneTableView.m in Sources */,
				D16AEEC61D0249F5006EAC7C /* main.m in Sources */,
			);
			runOnlyForDeploymentPostprocessing = 0;
		};
		D16AEED61D0249F6006EAC7C /* Sources */ = {
			isa = PBXSourcesBuildPhase;
			buildActionMask = 2147483647;
			files = (
				D16AEEDF1D0249F6006EAC7C /* BaByTreeTests.m in Sources */,
			);
			runOnlyForDeploymentPostprocessing = 0;
		};
		D16AEEE11D0249F6006EAC7C /* Sources */ = {
			isa = PBXSourcesBuildPhase;
			buildActionMask = 2147483647;
			files = (
				D16AEEEA1D0249F6006EAC7C /* BaByTreeUITests.m in Sources */,
			);
			runOnlyForDeploymentPostprocessing = 0;
		};
/* End PBXSourcesBuildPhase section */

/* Begin PBXTargetDependency section */
		D16AEEDC1D0249F6006EAC7C /* PBXTargetDependency */ = {
			isa = PBXTargetDependency;
			target = D16AEEC01D0249F5006EAC7C /* BaByTree */;
			targetProxy = D16AEEDB1D0249F6006EAC7C /* PBXContainerItemProxy */;
		};
		D16AEEE71D0249F6006EAC7C /* PBXTargetDependency */ = {
			isa = PBXTargetDependency;
			target = D16AEEC01D0249F5006EAC7C /* BaByTree */;
			targetProxy = D16AEEE61D0249F6006EAC7C /* PBXContainerItemProxy */;
		};
/* End PBXTargetDependency section */

/* Begin PBXVariantGroup section */
		D16AEECD1D0249F5006EAC7C /* Main.storyboard */ = {
			isa = PBXVariantGroup;
			children = (
				D16AEECE1D0249F5006EAC7C /* Base */,
			);
			name = Main.storyboard;
			sourceTree = "<group>";
		};
		D16AEED21D0249F6006EAC7C /* LaunchScreen.storyboard */ = {
			isa = PBXVariantGroup;
			children = (
				D16AEED31D0249F6006EAC7C /* Base */,
			);
			name = LaunchScreen.storyboard;
			sourceTree = "<group>";
		};
/* End PBXVariantGroup section */

/* Begin XCBuildConfiguration section */
		D16AEEEC1D0249F6006EAC7C /* Debug */ = {
			isa = XCBuildConfiguration;
			buildSettings = {
				ALWAYS_SEARCH_USER_PATHS = NO;
				CLANG_ANALYZER_NONNULL = YES;
				CLANG_CXX_LANGUAGE_STANDARD = "gnu++0x";
				CLANG_CXX_LIBRARY = "libc++";
				CLANG_ENABLE_MODULES = YES;
				CLANG_ENABLE_OBJC_ARC = YES;
				CLANG_WARN_BOOL_CONVERSION = YES;
				CLANG_WARN_CONSTANT_CONVERSION = YES;
				CLANG_WARN_DIRECT_OBJC_ISA_USAGE = YES_ERROR;
				CLANG_WARN_EMPTY_BODY = YES;
				CLANG_WARN_ENUM_CONVERSION = YES;
				CLANG_WARN_INT_CONVERSION = YES;
				CLANG_WARN_OBJC_ROOT_CLASS = YES_ERROR;
				CLANG_WARN_UNREACHABLE_CODE = YES;
				CLANG_WARN__DUPLICATE_METHOD_MATCH = YES;
				"CODE_SIGN_IDENTITY[sdk=iphoneos*]" = "iPhone Developer";
				COPY_PHASE_STRIP = NO;
				DEBUG_INFORMATION_FORMAT = dwarf;
				ENABLE_STRICT_OBJC_MSGSEND = YES;
				ENABLE_TESTABILITY = YES;
				GCC_C_LANGUAGE_STANDARD = gnu99;
				GCC_DYNAMIC_NO_PIC = NO;
				GCC_NO_COMMON_BLOCKS = YES;
				GCC_OPTIMIZATION_LEVEL = 0;
				GCC_PREPROCESSOR_DEFINITIONS = (
					"DEBUG=1",
					"$(inherited)",
				);
				GCC_WARN_64_TO_32_BIT_CONVERSION = YES;
				GCC_WARN_ABOUT_RETURN_TYPE = YES_ERROR;
				GCC_WARN_UNDECLARED_SELECTOR = YES;
				GCC_WARN_UNINITIALIZED_AUTOS = YES_AGGRESSIVE;
				GCC_WARN_UNUSED_FUNCTION = YES;
				GCC_WARN_UNUSED_VARIABLE = YES;
				IPHONEOS_DEPLOYMENT_TARGET = 9.3;
				MTL_ENABLE_DEBUG_INFO = YES;
				ONLY_ACTIVE_ARCH = YES;
				SDKROOT = iphoneos;
			};
			name = Debug;
		};
		D16AEEED1D0249F6006EAC7C /* Release */ = {
			isa = XCBuildConfiguration;
			buildSettings = {
				ALWAYS_SEARCH_USER_PATHS = NO;
				CLANG_ANALYZER_NONNULL = YES;
				CLANG_CXX_LANGUAGE_STANDARD = "gnu++0x";
				CLANG_CXX_LIBRARY = "libc++";
				CLANG_ENABLE_MODULES = YES;
				CLANG_ENABLE_OBJC_ARC = YES;
				CLANG_WARN_BOOL_CONVERSION = YES;
				CLANG_WARN_CONSTANT_CONVERSION = YES;
				CLANG_WARN_DIRECT_OBJC_ISA_USAGE = YES_ERROR;
				CLANG_WARN_EMPTY_BODY = YES;
				CLANG_WARN_ENUM_CONVERSION = YES;
				CLANG_WARN_INT_CONVERSION = YES;
				CLANG_WARN_OBJC_ROOT_CLASS = YES_ERROR;
				CLANG_WARN_UNREACHABLE_CODE = YES;
				CLANG_WARN__DUPLICATE_METHOD_MATCH = YES;
				"CODE_SIGN_IDENTITY[sdk=iphoneos*]" = "iPhone Developer";
				COPY_PHASE_STRIP = NO;
				DEBUG_INFORMATION_FORMAT = "dwarf-with-dsym";
				ENABLE_NS_ASSERTIONS = NO;
				ENABLE_STRICT_OBJC_MSGSEND = YES;
				GCC_C_LANGUAGE_STANDARD = gnu99;
				GCC_NO_COMMON_BLOCKS = YES;
				GCC_WARN_64_TO_32_BIT_CONVERSION = YES;
				GCC_WARN_ABOUT_RETURN_TYPE = YES_ERROR;
				GCC_WARN_UNDECLARED_SELECTOR = YES;
				GCC_WARN_UNINITIALIZED_AUTOS = YES_AGGRESSIVE;
				GCC_WARN_UNUSED_FUNCTION = YES;
				GCC_WARN_UNUSED_VARIABLE = YES;
				IPHONEOS_DEPLOYMENT_TARGET = 9.3;
				MTL_ENABLE_DEBUG_INFO = NO;
				SDKROOT = iphoneos;
				VALIDATE_PRODUCT = YES;
			};
			name = Release;
		};
		D16AEEEF1D0249F6006EAC7C /* Debug */ = {
			isa = XCBuildConfiguration;
			buildSettings = {
				ASSETCATALOG_COMPILER_APPICON_NAME = AppIcon;
				CODE_SIGN_IDENTITY = "iPhone Developer";
				"CODE_SIGN_IDENTITY[sdk=iphoneos*]" = "iPhone Developer";
				INFOPLIST_FILE = BaByTree/Info.plist;
				IPHONEOS_DEPLOYMENT_TARGET = 8.0;
				LD_RUNPATH_SEARCH_PATHS = "$(inherited) @executable_path/Frameworks";
				PRODUCT_BUNDLE_IDENTIFIER = com.jiangjunjie.BaByTree;
				PRODUCT_NAME = "$(TARGET_NAME)";
				PROVISIONING_PROFILE = "";
			};
			name = Debug;
		};
		D16AEEF01D0249F6006EAC7C /* Release */ = {
			isa = XCBuildConfiguration;
			buildSettings = {
				ASSETCATALOG_COMPILER_APPICON_NAME = AppIcon;
				CODE_SIGN_IDENTITY = "iPhone Developer";
				"CODE_SIGN_IDENTITY[sdk=iphoneos*]" = "iPhone Developer";
				INFOPLIST_FILE = BaByTree/Info.plist;
				IPHONEOS_DEPLOYMENT_TARGET = 8.0;
				LD_RUNPATH_SEARCH_PATHS = "$(inherited) @executable_path/Frameworks";
				PRODUCT_BUNDLE_IDENTIFIER = com.jiangjunjie.BaByTree;
				PRODUCT_NAME = "$(TARGET_NAME)";
				PROVISIONING_PROFILE = "";
			};
			name = Release;
		};
		D16AEEF21D0249F6006EAC7C /* Debug */ = {
			isa = XCBuildConfiguration;
			buildSettings = {
				BUNDLE_LOADER = "$(TEST_HOST)";
				INFOPLIST_FILE = BaByTreeTests/Info.plist;
				LD_RUNPATH_SEARCH_PATHS = "$(inherited) @executable_path/Frameworks @loader_path/Frameworks";
				PRODUCT_BUNDLE_IDENTIFIER = com.jiangjunjie.BaByTreeTests;
				PRODUCT_NAME = "$(TARGET_NAME)";
				TEST_HOST = "$(BUILT_PRODUCTS_DIR)/BaByTree.app/BaByTree";
			};
			name = Debug;
		};
		D16AEEF31D0249F6006EAC7C /* Release */ = {
			isa = XCBuildConfiguration;
			buildSettings = {
				BUNDLE_LOADER = "$(TEST_HOST)";
				INFOPLIST_FILE = BaByTreeTests/Info.plist;
				LD_RUNPATH_SEARCH_PATHS = "$(inherited) @executable_path/Frameworks @loader_path/Frameworks";
				PRODUCT_BUNDLE_IDENTIFIER = com.jiangjunjie.BaByTreeTests;
				PRODUCT_NAME = "$(TARGET_NAME)";
				TEST_HOST = "$(BUILT_PRODUCTS_DIR)/BaByTree.app/BaByTree";
			};
			name = Release;
		};
		D16AEEF51D0249F6006EAC7C /* Debug */ = {
			isa = XCBuildConfiguration;
			buildSettings = {
				INFOPLIST_FILE = BaByTreeUITests/Info.plist;
				LD_RUNPATH_SEARCH_PATHS = "$(inherited) @executable_path/Frameworks @loader_path/Frameworks";
				PRODUCT_BUNDLE_IDENTIFIER = com.jiangjunjie.BaByTreeUITests;
				PRODUCT_NAME = "$(TARGET_NAME)";
				TEST_TARGET_NAME = BaByTree;
			};
			name = Debug;
		};
		D16AEEF61D0249F6006EAC7C /* Release */ = {
			isa = XCBuildConfiguration;
			buildSettings = {
				INFOPLIST_FILE = BaByTreeUITests/Info.plist;
				LD_RUNPATH_SEARCH_PATHS = "$(inherited) @executable_path/Frameworks @loader_path/Frameworks";
				PRODUCT_BUNDLE_IDENTIFIER = com.jiangjunjie.BaByTreeUITests;
				PRODUCT_NAME = "$(TARGET_NAME)";
				TEST_TARGET_NAME = BaByTree;
			};
			name = Release;
		};
/* End XCBuildConfiguration section */

/* Begin XCConfigurationList section */
		D16AEEBC1D0249F5006EAC7C /* Build configuration list for PBXProject "BaByTree" */ = {
			isa = XCConfigurationList;
			buildConfigurations = (
				D16AEEEC1D0249F6006EAC7C /* Debug */,
				D16AEEED1D0249F6006EAC7C /* Release */,
			);
			defaultConfigurationIsVisible = 0;
			defaultConfigurationName = Release;
		};
		D16AEEEE1D0249F6006EAC7C /* Build configuration list for PBXNativeTarget "BaByTree" */ = {
			isa = XCConfigurationList;
			buildConfigurations = (
				D16AEEEF1D0249F6006EAC7C /* Debug */,
				D16AEEF01D0249F6006EAC7C /* Release */,
			);
			defaultConfigurationIsVisible = 0;
			defaultConfigurationName = Release;
		};
		D16AEEF11D0249F6006EAC7C /* Build configuration list for PBXNativeTarget "BaByTreeTests" */ = {
			isa = XCConfigurationList;
			buildConfigurations = (
				D16AEEF21D0249F6006EAC7C /* Debug */,
				D16AEEF31D0249F6006EAC7C /* Release */,
			);
			defaultConfigurationIsVisible = 0;
			defaultConfigurationName = Release;
		};
		D16AEEF41D0249F6006EAC7C /* Build configuration list for PBXNativeTarget "BaByTreeUITests" */ = {
			isa = XCConfigurationList;
			buildConfigurations = (
				D16AEEF51D0249F6006EAC7C /* Debug */,
				D16AEEF61D0249F6006EAC7C /* Release */,
			);
			defaultConfigurationIsVisible = 0;
			defaultConfigurationName = Release;
		};
/* End XCConfigurationList section */
	};
	rootObject = D16AEEB91D0249F5006EAC7C /* Project object */;
}
